
Microsoft Visual Studio Solution File, Format Version 12.00
# Visual Studio Version 17
VisualStudioVersion = 17.9.34723.18
MinimumVisualStudioVersion = 10.0.40219.1
Project("{9A19103F-16F7-4668-BE54-9A1E7A4F7556}") = "PetStore", "PetStore\PetStore.csproj", "{2116F88A-E5DC-4E48-91E7-0EF9591D205B}"
EndProject
Project("{FAE04EC0-301F-11D3-BF4B-00C04F79EFBC}") = "PetStoreBL", "PetStoreBL\PetStoreBL.csproj", "{02979AF5-92EB-4D16-9332-2875F4CFB6F5}"
EndProject
Project("{FAE04EC0-301F-11D3-BF4B-00C04F79EFBC}") = "PetStoreDAL", "PetStoreDAL\PetStoreDAL.csproj", "{57D66F71-6ACC-494E-86B1-BC55F73B1B5F}"
EndProject
Global
	GlobalSection(SolutionConfigurationPlatforms) = preSolution
		Debug|Any CPU = Debug|Any CPU
		Release|Any CPU = Release|Any CPU
	EndGlobalSection
	GlobalSection(ProjectConfigurationPlatforms) = postSolution
		{2116F88A-E5DC-4E48-91E7-0EF9591D205B}.Debug|Any CPU.ActiveCfg = Debug|Any CPU
		{2116F88A-E5DC-4E48-91E7-0EF9591D205B}.Debug|Any CPU.Build.0 = Debug|Any CPU
		{2116F88A-E5DC-4E48-91E7-0EF9591D205B}.Release|Any CPU.ActiveCfg = Release|Any CPU
		{2116F88A-E5DC-4E48-91E7-0EF9591D205B}.Release|Any CPU.Build.0 = Release|Any CPU
		{02979AF5-92EB-4D16-9332-2875F4CFB6F5}.Debug|Any CPU.ActiveCfg = Debug|Any CPU
		{02979AF5-92EB-4D16-9332-2875F4CFB6F5}.Debug|Any CPU.Build.0 = Debug|Any CPU
		{02979AF5-92EB-4D16-9332-2875F4CFB6F5}.Release|Any CPU.ActiveCfg = Release|Any CPU
		{02979AF5-92EB-4D16-9332-2875F4CFB6F5}.Release|Any CPU.Build.0 = Release|Any CPU
		{57D66F71-6ACC-494E-86B1-BC55F73B1B5F}.Debug|Any CPU.ActiveCfg = Debug|Any CPU
		{57D66F71-6ACC-494E-86B1-BC55F73B1B5F}.Debug|Any CPU.Build.0 = Debug|Any CPU
		{57D66F71-6ACC-494E-86B1-BC55F73B1B5F}.Release|Any CPU.ActiveCfg = Release|Any CPU
		{57D66F71-6ACC-494E-86B1-BC55F73B1B5F}.Release|Any CPU.Build.0 = Release|Any CPU
	EndGlobalSection
	GlobalSection(SolutionProperties) = preSolution
		HideSolutionNode = FALSE
	EndGlobalSection
	GlobalSection(ExtensibilityGlobals) = postSolution
		SolutionGuid = {57E97B87-573C-4EA3-ADA3-15CD7F79567D}
	EndGlobalSection
EndGlobal
