
Microsoft Visual Studio Solution File, Format Version 12.00
# Visual Studio Version 17
VisualStudioVersion = 17.9.34723.18
MinimumVisualStudioVersion = 10.0.40219.1
Project("{FAE04EC0-301F-11D3-BF4B-00C04F79EFBC}") = "Task_1", "Task_1\Task_1.csproj", "{EEC48093-7A64-4FA9-9914-BB3E771B9306}"
EndProject
Global
	GlobalSection(SolutionConfigurationPlatforms) = preSolution
		Debug|Any CPU = Debug|Any CPU
		Release|Any CPU = Release|Any CPU
	EndGlobalSection
	GlobalSection(ProjectConfigurationPlatforms) = postSolution
		{EEC48093-7A64-4FA9-9914-BB3E771B9306}.Debug|Any CPU.ActiveCfg = Debug|Any CPU
		{EEC48093-7A64-4FA9-9914-BB3E771B9306}.Debug|Any CPU.Build.0 = Debug|Any CPU
		{EEC48093-7A64-4FA9-9914-BB3E771B9306}.Release|Any CPU.ActiveCfg = Release|Any CPU
		{EEC48093-7A64-4FA9-9914-BB3E771B9306}.Release|Any CPU.Build.0 = Release|Any CPU
	EndGlobalSection
	GlobalSection(SolutionProperties) = preSolution
		HideSolutionNode = FALSE
	EndGlobalSection
	GlobalSection(ExtensibilityGlobals) = postSolution
		SolutionGuid = {04721283-92C4-45F7-97A7-F77D0193F2AA}
	EndGlobalSection
EndGlobal
